
Microsoft Visual Studio Solution File, Format Version 12.00
# Visual Studio Version 16
VisualStudioVersion = 16.0.29418.71
MinimumVisualStudioVersion = 10.0.40219.1
Project("{2150E333-8FDC-42A3-9474-1A3956D46DE8}") = "Solution Items", "Solution Items", "{1F91979B-6EFF-4726-842B-B72A8B56D135}"
	ProjectSection(SolutionItems) = preProject
		pack.nuspec = pack.nuspec
		..\README.md = ..\README.md
	EndProjectSection
EndProject
Project("{2150E333-8FDC-42A3-9474-1A3956D46DE8}") = ".workflows", ".workflows", "{808DA828-04AB-4B46-B18A-01E9399EEDA7}"
	ProjectSection(SolutionItems) = preProject
		..\.github\workflows\build.yml = ..\.github\workflows\build.yml
	EndProjectSection
EndProject
Project("{9A19103F-16F7-4668-BE54-9A1E7A4F7556}") = "Keycloak.NET.Manager.FluentAPI", "Keycloak.NET.Manager.FluentAPI\Keycloak.NET.Manager.FluentAPI.csproj", "{EB8046C6-6928-40E0-9FF1-BBB2DC4C26D9}"
EndProject
Project("{9A19103F-16F7-4668-BE54-9A1E7A4F7556}") = "UT.Keycloak.NET.Manager.FluentAPI", "..\UT.Keycloak.NET.Manager.FluentAPI\UT.Keycloak.NET.Manager.FluentAPI.csproj", "{9278839D-F6A8-4A30-954A-1A583F662ACC}"
EndProject
Global
	GlobalSection(SolutionConfigurationPlatforms) = preSolution
		Debug|Any CPU = Debug|Any CPU
		Release|Any CPU = Release|Any CPU
	EndGlobalSection
	GlobalSection(ProjectConfigurationPlatforms) = postSolution
		{EB8046C6-6928-40E0-9FF1-BBB2DC4C26D9}.Debug|Any CPU.ActiveCfg = Debug|Any CPU
		{EB8046C6-6928-40E0-9FF1-BBB2DC4C26D9}.Debug|Any CPU.Build.0 = Debug|Any CPU
		{EB8046C6-6928-40E0-9FF1-BBB2DC4C26D9}.Release|Any CPU.ActiveCfg = Release|Any CPU
		{EB8046C6-6928-40E0-9FF1-BBB2DC4C26D9}.Release|Any CPU.Build.0 = Release|Any CPU
		{9278839D-F6A8-4A30-954A-1A583F662ACC}.Debug|Any CPU.ActiveCfg = Debug|Any CPU
		{9278839D-F6A8-4A30-954A-1A583F662ACC}.Debug|Any CPU.Build.0 = Debug|Any CPU
		{9278839D-F6A8-4A30-954A-1A583F662ACC}.Release|Any CPU.ActiveCfg = Release|Any CPU
		{9278839D-F6A8-4A30-954A-1A583F662ACC}.Release|Any CPU.Build.0 = Release|Any CPU
	EndGlobalSection
	GlobalSection(SolutionProperties) = preSolution
		HideSolutionNode = FALSE
	EndGlobalSection
	GlobalSection(NestedProjects) = preSolution
		{808DA828-04AB-4B46-B18A-01E9399EEDA7} = {1F91979B-6EFF-4726-842B-B72A8B56D135}
	EndGlobalSection
	GlobalSection(ExtensibilityGlobals) = postSolution
		SolutionGuid = {8EE74894-2879-4F3E-934E-93404387B56D}
	EndGlobalSection
EndGlobal
